// !$*UTF8*$!
{
	archiveVersion = 1;
	classes = {
	};
	objectVersion = 50;
	objects = {

/* Begin PBXBuildFile section */
		93266E4721D52C8400F12B54 /* AppDelegate.swift in Sources */ = {isa = PBXBuildFile; fileRef = 93266E4621D52C8400F12B54 /* AppDelegate.swift */; };
		93266E4921D52C8400F12B54 /* TodoListVIewController.swift in Sources */ = {isa = PBXBuildFile; fileRef = 93266E4821D52C8400F12B54 /* TodoListVIewController.swift */; };
		93266E4C21D52C8400F12B54 /* Main.storyboard in Resources */ = {isa = PBXBuildFile; fileRef = 93266E4A21D52C8400F12B54 /* Main.storyboard */; };
		93266E4E21D52C8600F12B54 /* Assets.xcassets in Resources */ = {isa = PBXBuildFile; fileRef = 93266E4D21D52C8600F12B54 /* Assets.xcassets */; };
		93266E5121D52C8600F12B54 /* LaunchScreen.storyboard in Resources */ = {isa = PBXBuildFile; fileRef = 93266E4F21D52C8600F12B54 /* LaunchScreen.storyboard */; };
		9326E801221C806200851C7C /* SwipeTableViewController.swift in Sources */ = {isa = PBXBuildFile; fileRef = 9326E800221C806200851C7C /* SwipeTableViewController.swift */; };
		932CB63B21EB8C680014341B /* CategoryViewController.swift in Sources */ = {isa = PBXBuildFile; fileRef = 932CB63A21EB8C680014341B /* CategoryViewController.swift */; };
		93F85BE72217672600B924B9 /* Item.swift in Sources */ = {isa = PBXBuildFile; fileRef = 93F85BE62217672600B924B9 /* Item.swift */; };
		93F85BE92217675700B924B9 /* Category.swift in Sources */ = {isa = PBXBuildFile; fileRef = 93F85BE82217675700B924B9 /* Category.swift */; };
		9EB4A10190B5C69CF468B07C /* Pods_Todoey.framework in Frameworks */ = {isa = PBXBuildFile; fileRef = EE4753D8A26CD80309E4AC53 /* Pods_Todoey.framework */; };
/* End PBXBuildFile section */

/* Begin PBXFileReference section */
		93266E4321D52C8400F12B54 /* Todoey.app */ = {isa = PBXFileReference; explicitFileType = wrapper.application; includeInIndex = 0; path = Todoey.app; sourceTree = BUILT_PRODUCTS_DIR; };
		93266E4621D52C8400F12B54 /* AppDelegate.swift */ = {isa = PBXFileReference; lastKnownFileType = sourcecode.swift; path = AppDelegate.swift; sourceTree = "<group>"; };
		93266E4821D52C8400F12B54 /* TodoListVIewController.swift */ = {isa = PBXFileReference; lastKnownFileType = sourcecode.swift; path = TodoListVIewController.swift; sourceTree = "<group>"; };
		93266E4B21D52C8400F12B54 /* Base */ = {isa = PBXFileReference; lastKnownFileType = file.storyboard; name = Base; path = Base.lproj/Main.storyboard; sourceTree = "<group>"; };
		93266E4D21D52C8600F12B54 /* Assets.xcassets */ = {isa = PBXFileReference; lastKnownFileType = folder.assetcatalog; path = Assets.xcassets; sourceTree = "<group>"; };
		93266E5021D52C8600F12B54 /* Base */ = {isa = PBXFileReference; lastKnownFileType = file.storyboard; name = Base; path = Base.lproj/LaunchScreen.storyboard; sourceTree = "<group>"; };
		93266E5221D52C8600F12B54 /* Info.plist */ = {isa = PBXFileReference; lastKnownFileType = text.plist.xml; path = Info.plist; sourceTree = "<group>"; };
		9326E800221C806200851C7C /* SwipeTableViewController.swift */ = {isa = PBXFileReference; lastKnownFileType = sourcecode.swift; path = SwipeTableViewController.swift; sourceTree = "<group>"; };
		932CB63A21EB8C680014341B /* CategoryViewController.swift */ = {isa = PBXFileReference; lastKnownFileType = sourcecode.swift; path = CategoryViewController.swift; sourceTree = "<group>"; };
		93F85BE62217672600B924B9 /* Item.swift */ = {isa = PBXFileReference; lastKnownFileType = sourcecode.swift; path = Item.swift; sourceTree = "<group>"; };
		93F85BE82217675700B924B9 /* Category.swift */ = {isa = PBXFileReference; lastKnownFileType = sourcecode.swift; path = Category.swift; sourceTree = "<group>"; };
		A29DA18AEBECB03B7281234E /* Pods-Todoey.release.xcconfig */ = {isa = PBXFileReference; includeInIndex = 1; lastKnownFileType = text.xcconfig; name = "Pods-Todoey.release.xcconfig"; path = "Pods/Target Support Files/Pods-Todoey/Pods-Todoey.release.xcconfig"; sourceTree = "<group>"; };
		B5FACC383566A8F95C65E5C9 /* Pods-Todoey.debug.xcconfig */ = {isa = PBXFileReference; includeInIndex = 1; lastKnownFileType = text.xcconfig; name = "Pods-Todoey.debug.xcconfig"; path = "Pods/Target Support Files/Pods-Todoey/Pods-Todoey.debug.xcconfig"; sourceTree = "<group>"; };
		EE4753D8A26CD80309E4AC53 /* Pods_Todoey.framework */ = {isa = PBXFileReference; explicitFileType = wrapper.framework; includeInIndex = 0; path = Pods_Todoey.framework; sourceTree = BUILT_PRODUCTS_DIR; };
/* End PBXFileReference section */

/* Begin PBXFrameworksBuildPhase section */
		93266E4021D52C8400F12B54 /* Frameworks */ = {
			isa = PBXFrameworksBuildPhase;
			buildActionMask = 2147483647;
			files = (
				9EB4A10190B5C69CF468B07C /* Pods_Todoey.framework in Frameworks */,
			);
			runOnlyForDeploymentPostprocessing = 0;
		};
/* End PBXFrameworksBuildPhase section */

/* Begin PBXGroup section */
		60665199B357B1E4EA38EABB /* Frameworks */ = {
			isa = PBXGroup;
			children = (
				EE4753D8A26CD80309E4AC53 /* Pods_Todoey.framework */,
			);
			name = Frameworks;
			sourceTree = "<group>";
		};
		93266E3A21D52C8400F12B54 = {
			isa = PBXGroup;
			children = (
				93266E4521D52C8400F12B54 /* Todoey */,
				93266E4421D52C8400F12B54 /* Products */,
				C6DB2C453A8E26915979F44D /* Pods */,
				60665199B357B1E4EA38EABB /* Frameworks */,
			);
			sourceTree = "<group>";
		};
		93266E4421D52C8400F12B54 /* Products */ = {
			isa = PBXGroup;
			children = (
				93266E4321D52C8400F12B54 /* Todoey.app */,
			);
			name = Products;
			sourceTree = "<group>";
		};
		93266E4521D52C8400F12B54 /* Todoey */ = {
			isa = PBXGroup;
			children = (
				93266E4621D52C8400F12B54 /* AppDelegate.swift */,
				93D9215C21DE7364003FFF0F /* Data Models */,
				93D9215D21DE73AF003FFF0F /* Controllers */,
				93D9215E21DE73D8003FFF0F /* Views */,
				93D9215F21DE7404003FFF0F /* Supporting Files */,
				93266E5221D52C8600F12B54 /* Info.plist */,
			);
			path = Todoey;
			sourceTree = "<group>";
		};
		93D9215C21DE7364003FFF0F /* Data Models */ = {
			isa = PBXGroup;
			children = (
				93F85BE62217672600B924B9 /* Item.swift */,
				93F85BE82217675700B924B9 /* Category.swift */,
			);
			path = "Data Models";
			sourceTree = "<group>";
		};
		93D9215D21DE73AF003FFF0F /* Controllers */ = {
			isa = PBXGroup;
			children = (
				932CB63A21EB8C680014341B /* CategoryViewController.swift */,
				93266E4821D52C8400F12B54 /* TodoListVIewController.swift */,
				9326E800221C806200851C7C /* SwipeTableViewController.swift */,
			);
			path = Controllers;
			sourceTree = "<group>";
		};
		93D9215E21DE73D8003FFF0F /* Views */ = {
			isa = PBXGroup;
			children = (
				93266E4A21D52C8400F12B54 /* Main.storyboard */,
			);
			path = Views;
			sourceTree = "<group>";
		};
		93D9215F21DE7404003FFF0F /* Supporting Files */ = {
			isa = PBXGroup;
			children = (
				93266E4D21D52C8600F12B54 /* Assets.xcassets */,
				93266E4F21D52C8600F12B54 /* LaunchScreen.storyboard */,
			);
			path = "Supporting Files";
			sourceTree = "<group>";
		};
		C6DB2C453A8E26915979F44D /* Pods */ = {
			isa = PBXGroup;
			children = (
				B5FACC383566A8F95C65E5C9 /* Pods-Todoey.debug.xcconfig */,
				A29DA18AEBECB03B7281234E /* Pods-Todoey.release.xcconfig */,
			);
			name = Pods;
			sourceTree = "<group>";
		};
/* End PBXGroup section */

/* Begin PBXNativeTarget section */
		93266E4221D52C8400F12B54 /* Todoey */ = {
			isa = PBXNativeTarget;
			buildConfigurationList = 93266E5521D52C8600F12B54 /* Build configuration list for PBXNativeTarget "Todoey" */;
			buildPhases = (
				34334691981ABC0B151F30FF /* [CP] Check Pods Manifest.lock */,
				93266E3F21D52C8400F12B54 /* Sources */,
				93266E4021D52C8400F12B54 /* Frameworks */,
				93266E4121D52C8400F12B54 /* Resources */,
				A248994961A3F62DDABB2766 /* [CP] Embed Pods Frameworks */,
			);
			buildRules = (
			);
			dependencies = (
			);
			name = Todoey;
			productName = Todoey;
			productReference = 93266E4321D52C8400F12B54 /* Todoey.app */;
			productType = "com.apple.product-type.application";
		};
/* End PBXNativeTarget section */

/* Begin PBXProject section */
		93266E3B21D52C8400F12B54 /* Project object */ = {
			isa = PBXProject;
			attributes = {
				LastSwiftUpdateCheck = 1010;
				LastUpgradeCheck = 1010;
				ORGANIZATIONNAME = Bryan;
				TargetAttributes = {
					93266E4221D52C8400F12B54 = {
						CreatedOnToolsVersion = 10.1;
					};
				};
			};
			buildConfigurationList = 93266E3E21D52C8400F12B54 /* Build configuration list for PBXProject "Todoey" */;
			compatibilityVersion = "Xcode 9.3";
			developmentRegion = en;
			hasScannedForEncodings = 0;
			knownRegions = (
				en,
				Base,
			);
			mainGroup = 93266E3A21D52C8400F12B54;
			productRefGroup = 93266E4421D52C8400F12B54 /* Products */;
			projectDirPath = "";
			projectRoot = "";
			targets = (
				93266E4221D52C8400F12B54 /* Todoey */,
			);
		};
/* End PBXProject section */

/* Begin PBXResourcesBuildPhase section */
		93266E4121D52C8400F12B54 /* Resources */ = {
			isa = PBXResourcesBuildPhase;
			buildActionMask = 2147483647;
			files = (
				93266E5121D52C8600F12B54 /* LaunchScreen.storyboard in Resources */,
				93266E4E21D52C8600F12B54 /* Assets.xcassets in Resources */,
				93266E4C21D52C8400F12B54 /* Main.storyboard in Resources */,
			);
			runOnlyForDeploymentPostprocessing = 0;
		};
/* End PBXResourcesBuildPhase section */

/* Begin PBXShellScriptBuildPhase section */
		34334691981ABC0B151F30FF /* [CP] Check Pods Manifest.lock */ = {
			isa = PBXShellScriptBuildPhase;
			buildActionMask = 2147483647;
			files = (
			);
			inputPaths = (
				"${PODS_PODFILE_DIR_PATH}/Podfile.lock",
				"${PODS_ROOT}/Manifest.lock",
			);
			name = "[CP] Check Pods Manifest.lock";
			outputPaths = (
				"$(DERIVED_FILE_DIR)/Pods-Todoey-checkManifestLockResult.txt",
			);
			runOnlyForDeploymentPostprocessing = 0;
			shellPath = /bin/sh;
			shellScript = "diff \"${PODS_PODFILE_DIR_PATH}/Podfile.lock\" \"${PODS_ROOT}/Manifest.lock\" > /dev/null\nif [ $? != 0 ] ; then\n    # print error to STDERR\n    echo \"error: The sandbox is not in sync with the Podfile.lock. Run 'pod install' or update your CocoaPods installation.\" >&2\n    exit 1\nfi\n# This output is used by Xcode 'outputs' to avoid re-running this script phase.\necho \"SUCCESS\" > \"${SCRIPT_OUTPUT_FILE_0}\"\n";
			showEnvVarsInLog = 0;
		};
		A248994961A3F62DDABB2766 /* [CP] Embed Pods Frameworks */ = {
			isa = PBXShellScriptBuildPhase;
			buildActionMask = 2147483647;
			files = (
			);
			inputPaths = (
				"${SRCROOT}/Pods/Target Support Files/Pods-Todoey/Pods-Todoey-frameworks.sh",
				"${BUILT_PRODUCTS_DIR}/ChameleonFramework/ChameleonFramework.framework",
				"${BUILT_PRODUCTS_DIR}/Realm/Realm.framework",
				"${BUILT_PRODUCTS_DIR}/RealmSwift/RealmSwift.framework",
				"${BUILT_PRODUCTS_DIR}/SwipeCellKit/SwipeCellKit.framework",
			);
			name = "[CP] Embed Pods Frameworks";
			outputPaths = (
				"${TARGET_BUILD_DIR}/${FRAMEWORKS_FOLDER_PATH}/ChameleonFramework.framework",
				"${TARGET_BUILD_DIR}/${FRAMEWORKS_FOLDER_PATH}/Realm.framework",
				"${TARGET_BUILD_DIR}/${FRAMEWORKS_FOLDER_PATH}/RealmSwift.framework",
				"${TARGET_BUILD_DIR}/${FRAMEWORKS_FOLDER_PATH}/SwipeCellKit.framework",
			);
			runOnlyForDeploymentPostprocessing = 0;
			shellPath = /bin/sh;
			shellScript = "\"${SRCROOT}/Pods/Target Support Files/Pods-Todoey/Pods-Todoey-frameworks.sh\"\n";
			showEnvVarsInLog = 0;
		};
/* End PBXShellScriptBuildPhase section */

/* Begin PBXSourcesBuildPhase section */
		93266E3F21D52C8400F12B54 /* Sources */ = {
			isa = PBXSourcesBuildPhase;
			buildActionMask = 2147483647;
			files = (
				93F85BE72217672600B924B9 /* Item.swift in Sources */,
				932CB63B21EB8C680014341B /* CategoryViewController.swift in Sources */,
				93266E4921D52C8400F12B54 /* TodoListVIewController.swift in Sources */,
				93266E4721D52C8400F12B54 /* AppDelegate.swift in Sources */,
				9326E801221C806200851C7C /* SwipeTableViewController.swift in Sources */,
				93F85BE92217675700B924B9 /* Category.swift in Sources */,
			);
			runOnlyForDeploymentPostprocessing = 0;
		};
/* End PBXSourcesBuildPhase section */

/* Begin PBXVariantGroup section */
		93266E4A21D52C8400F12B54 /* Main.storyboard */ = {
			isa = PBXVariantGroup;
			children = (
				93266E4B21D52C8400F12B54 /* Base */,
			);
			name = Main.storyboard;
			sourceTree = "<group>";
		};
		93266E4F21D52C8600F12B54 /* LaunchScreen.storyboard */ = {
			isa = PBXVariantGroup;
			children = (
				93266E5021D52C8600F12B54 /* Base */,
			);
			name = LaunchScreen.storyboard;
			sourceTree = "<group>";
		};
/* End PBXVariantGroup section */

/* Begin XCBuildConfiguration section */
		93266E5321D52C8600F12B54 /* Debug */ = {
			isa = XCBuildConfiguration;
			buildSettings = {
				ALWAYS_SEARCH_USER_PATHS = NO;
				CLANG_ANALYZER_NONNULL = YES;
				CLANG_ANALYZER_NUMBER_OBJECT_CONVERSION = YES_AGGRESSIVE;
				CLANG_CXX_LANGUAGE_STANDARD = "gnu++14";
				CLANG_CXX_LIBRARY = "libc++";
				CLANG_ENABLE_MODULES = YES;
				CLANG_ENABLE_OBJC_ARC = YES;
				CLANG_ENABLE_OBJC_WEAK = YES;
				CLANG_WARN_BLOCK_CAPTURE_AUTORELEASING = YES;
				CLANG_WARN_BOOL_CONVERSION = YES;
				CLANG_WARN_COMMA = YES;
				CLANG_WARN_CONSTANT_CONVERSION = YES;
				CLANG_WARN_DEPRECATED_OBJC_IMPLEMENTATIONS = YES;
				CLANG_WARN_DIRECT_OBJC_ISA_USAGE = YES_ERROR;
				CLANG_WARN_DOCUMENTATION_COMMENTS = YES;
				CLANG_WARN_EMPTY_BODY = YES;
				CLANG_WARN_ENUM_CONVERSION = YES;
				CLANG_WARN_INFINITE_RECURSION = YES;
				CLANG_WARN_INT_CONVERSION = YES;
				CLANG_WARN_NON_LITERAL_NULL_CONVERSION = YES;
				CLANG_WARN_OBJC_IMPLICIT_RETAIN_SELF = YES;
				CLANG_WARN_OBJC_LITERAL_CONVERSION = YES;
				CLANG_WARN_OBJC_ROOT_CLASS = YES_ERROR;
				CLANG_WARN_RANGE_LOOP_ANALYSIS = YES;
				CLANG_WARN_STRICT_PROTOTYPES = YES;
				CLANG_WARN_SUSPICIOUS_MOVE = YES;
				CLANG_WARN_UNGUARDED_AVAILABILITY = YES_AGGRESSIVE;
				CLANG_WARN_UNREACHABLE_CODE = YES;
				CLANG_WARN__DUPLICATE_METHOD_MATCH = YES;
				CODE_SIGN_IDENTITY = "iPhone Developer";
				COPY_PHASE_STRIP = NO;
				DEBUG_INFORMATION_FORMAT = dwarf;
				ENABLE_STRICT_OBJC_MSGSEND = YES;
				ENABLE_TESTABILITY = YES;
				GCC_C_LANGUAGE_STANDARD = gnu11;
				GCC_DYNAMIC_NO_PIC = NO;
				GCC_NO_COMMON_BLOCKS = YES;
				GCC_OPTIMIZATION_LEVEL = 0;
				GCC_PREPROCESSOR_DEFINITIONS = (
					"DEBUG=1",
					"$(inherited)",
				);
				GCC_WARN_64_TO_32_BIT_CONVERSION = YES;
				GCC_WARN_ABOUT_RETURN_TYPE = YES_ERROR;
				GCC_WARN_UNDECLARED_SELECTOR = YES;
				GCC_WARN_UNINITIALIZED_AUTOS = YES_AGGRESSIVE;
				GCC_WARN_UNUSED_FUNCTION = YES;
				GCC_WARN_UNUSED_VARIABLE = YES;
				IPHONEOS_DEPLOYMENT_TARGET = 12.1;
				MTL_ENABLE_DEBUG_INFO = INCLUDE_SOURCE;
				MTL_FAST_MATH = YES;
				ONLY_ACTIVE_ARCH = YES;
				SDKROOT = iphoneos;
				SWIFT_ACTIVE_COMPILATION_CONDITIONS = DEBUG;
				SWIFT_OPTIMIZATION_LEVEL = "-Onone";
			};
			name = Debug;
		};
		93266E5421D52C8600F12B54 /* Release */ = {
			isa = XCBuildConfiguration;
			buildSettings = {
				ALWAYS_SEARCH_USER_PATHS = NO;
				CLANG_ANALYZER_NONNULL = YES;
				CLANG_ANALYZER_NUMBER_OBJECT_CONVERSION = YES_AGGRESSIVE;
				CLANG_CXX_LANGUAGE_STANDARD = "gnu++14";
				CLANG_CXX_LIBRARY = "libc++";
				CLANG_ENABLE_MODULES = YES;
				CLANG_ENABLE_OBJC_ARC = YES;
				CLANG_ENABLE_OBJC_WEAK = YES;
				CLANG_WARN_BLOCK_CAPTURE_AUTORELEASING = YES;
				CLANG_WARN_BOOL_CONVERSION = YES;
				CLANG_WARN_COMMA = YES;
				CLANG_WARN_CONSTANT_CONVERSION = YES;
				CLANG_WARN_DEPRECATED_OBJC_IMPLEMENTATIONS = YES;
				CLANG_WARN_DIRECT_OBJC_ISA_USAGE = YES_ERROR;
				CLANG_WARN_DOCUMENTATION_COMMENTS = YES;
				CLANG_WARN_EMPTY_BODY = YES;
				CLANG_WARN_ENUM_CONVERSION = YES;
				CLANG_WARN_INFINITE_RECURSION = YES;
				CLANG_WARN_INT_CONVERSION = YES;
				CLANG_WARN_NON_LITERAL_NULL_CONVERSION = YES;
				CLANG_WARN_OBJC_IMPLICIT_RETAIN_SELF = YES;
				CLANG_WARN_OBJC_LITERAL_CONVERSION = YES;
				CLANG_WARN_OBJC_ROOT_CLASS = YES_ERROR;
				CLANG_WARN_RANGE_LOOP_ANALYSIS = YES;
				CLANG_WARN_STRICT_PROTOTYPES = YES;
				CLANG_WARN_SUSPICIOUS_MOVE = YES;
				CLANG_WARN_UNGUARDED_AVAILABILITY = YES_AGGRESSIVE;
				CLANG_WARN_UNREACHABLE_CODE = YES;
				CLANG_WARN__DUPLICATE_METHOD_MATCH = YES;
				CODE_SIGN_IDENTITY = "iPhone Developer";
				COPY_PHASE_STRIP = NO;
				DEBUG_INFORMATION_FORMAT = "dwarf-with-dsym";
				ENABLE_NS_ASSERTIONS = NO;
				ENABLE_STRICT_OBJC_MSGSEND = YES;
				GCC_C_LANGUAGE_STANDARD = gnu11;
				GCC_NO_COMMON_BLOCKS = YES;
				GCC_WARN_64_TO_32_BIT_CONVERSION = YES;
				GCC_WARN_ABOUT_RETURN_TYPE = YES_ERROR;
				GCC_WARN_UNDECLARED_SELECTOR = YES;
				GCC_WARN_UNINITIALIZED_AUTOS = YES_AGGRESSIVE;
				GCC_WARN_UNUSED_FUNCTION = YES;
				GCC_WARN_UNUSED_VARIABLE = YES;
				IPHONEOS_DEPLOYMENT_TARGET = 12.1;
				MTL_ENABLE_DEBUG_INFO = NO;
				MTL_FAST_MATH = YES;
				SDKROOT = iphoneos;
				SWIFT_COMPILATION_MODE = wholemodule;
				SWIFT_OPTIMIZATION_LEVEL = "-O";
				VALIDATE_PRODUCT = YES;
			};
			name = Release;
		};
		93266E5621D52C8600F12B54 /* Debug */ = {
			isa = XCBuildConfiguration;
			baseConfigurationReference = B5FACC383566A8F95C65E5C9 /* Pods-Todoey.debug.xcconfig */;
			buildSettings = {
				ASSETCATALOG_COMPILER_APPICON_NAME = AppIcon;
				CODE_SIGN_STYLE = Automatic;
				DEVELOPMENT_TEAM = NM6M6A2ZA5;
				INFOPLIST_FILE = Todoey/Info.plist;
				IPHONEOS_DEPLOYMENT_TARGET = 11.0;
				LD_RUNPATH_SEARCH_PATHS = (
					"$(inherited)",
					"@executable_path/Frameworks",
				);
				PRODUCT_BUNDLE_IDENTIFIER = com.bryan.Todoey;
				PRODUCT_NAME = "$(TARGET_NAME)";
				SWIFT_VERSION = 4.2;
				TARGETED_DEVICE_FAMILY = "1,2";
			};
			name = Debug;
		};
		93266E5721D52C8600F12B54 /* Release */ = {
			isa = XCBuildConfiguration;
			baseConfigurationReference = A29DA18AEBECB03B7281234E /* Pods-Todoey.release.xcconfig */;
			buildSettings = {
				ASSETCATALOG_COMPILER_APPICON_NAME = AppIcon;
				CODE_SIGN_STYLE = Automatic;
				DEVELOPMENT_TEAM = NM6M6A2ZA5;
				INFOPLIST_FILE = Todoey/Info.plist;
				IPHONEOS_DEPLOYMENT_TARGET = 11.0;
				LD_RUNPATH_SEARCH_PATHS = (
					"$(inherited)",
					"@executable_path/Frameworks",
				);
				PRODUCT_BUNDLE_IDENTIFIER = com.bryan.Todoey;
				PRODUCT_NAME = "$(TARGET_NAME)";
				SWIFT_VERSION = 4.2;
				TARGETED_DEVICE_FAMILY = "1,2";
			};
			name = Release;
		};
/* End XCBuildConfiguration section */

/* Begin XCConfigurationList section */
		93266E3E21D52C8400F12B54 /* Build configuration list for PBXProject "Todoey" */ = {
			isa = XCConfigurationList;
			buildConfigurations = (
				93266E5321D52C8600F12B54 /* Debug */,
				93266E5421D52C8600F12B54 /* Release */,
			);
			defaultConfigurationIsVisible = 0;
			defaultConfigurationName = Release;
		};
		93266E5521D52C8600F12B54 /* Build configuration list for PBXNativeTarget "Todoey" */ = {
			isa = XCConfigurationList;
			buildConfigurations = (
				93266E5621D52C8600F12B54 /* Debug */,
				93266E5721D52C8600F12B54 /* Release */,
			);
			defaultConfigurationIsVisible = 0;
			defaultConfigurationName = Release;
		};
/* End XCConfigurationList section */
	};
	rootObject = 93266E3B21D52C8400F12B54 /* Project object */;
}
